
Microsoft Visual Studio Solution File, Format Version 12.00
# Visual Studio Version 17
VisualStudioVersion = 17.8.34511.84
MinimumVisualStudioVersion = 10.0.40219.1
Project("{FAE04EC0-301F-11D3-BF4B-00C04F79EFBC}") = "TIENDA", "TIENDA\TIENDA.csproj", "{62F8214D-BB04-4EFF-B7AD-5A47BA36E936}"
EndProject
Project("{FAE04EC0-301F-11D3-BF4B-00C04F79EFBC}") = "MANEJADORES", "MANEJADORES\MANEJADORES.csproj", "{93676E7A-124A-4A5D-88D0-BE5A1869B360}"
EndProject
Project("{FAE04EC0-301F-11D3-BF4B-00C04F79EFBC}") = "AccesoDatos", "..\..\..\Downloads\AccesoDatos\AccesoDatos.csproj", "{30443F8E-D55B-4C38-BC9A-2E4762CEBECC}"
EndProject
Global
	GlobalSection(SolutionConfigurationPlatforms) = preSolution
		Debug|Any CPU = Debug|Any CPU
		Release|Any CPU = Release|Any CPU
	EndGlobalSection
	GlobalSection(ProjectConfigurationPlatforms) = postSolution
		{62F8214D-BB04-4EFF-B7AD-5A47BA36E936}.Debug|Any CPU.ActiveCfg = Debug|Any CPU
		{62F8214D-BB04-4EFF-B7AD-5A47BA36E936}.Debug|Any CPU.Build.0 = Debug|Any CPU
		{62F8214D-BB04-4EFF-B7AD-5A47BA36E936}.Release|Any CPU.ActiveCfg = Release|Any CPU
		{62F8214D-BB04-4EFF-B7AD-5A47BA36E936}.Release|Any CPU.Build.0 = Release|Any CPU
		{93676E7A-124A-4A5D-88D0-BE5A1869B360}.Debug|Any CPU.ActiveCfg = Debug|Any CPU
		{93676E7A-124A-4A5D-88D0-BE5A1869B360}.Debug|Any CPU.Build.0 = Debug|Any CPU
		{93676E7A-124A-4A5D-88D0-BE5A1869B360}.Release|Any CPU.ActiveCfg = Release|Any CPU
		{93676E7A-124A-4A5D-88D0-BE5A1869B360}.Release|Any CPU.Build.0 = Release|Any CPU
		{30443F8E-D55B-4C38-BC9A-2E4762CEBECC}.Debug|Any CPU.ActiveCfg = Debug|Any CPU
		{30443F8E-D55B-4C38-BC9A-2E4762CEBECC}.Debug|Any CPU.Build.0 = Debug|Any CPU
		{30443F8E-D55B-4C38-BC9A-2E4762CEBECC}.Release|Any CPU.ActiveCfg = Release|Any CPU
		{30443F8E-D55B-4C38-BC9A-2E4762CEBECC}.Release|Any CPU.Build.0 = Release|Any CPU
	EndGlobalSection
	GlobalSection(SolutionProperties) = preSolution
		HideSolutionNode = FALSE
	EndGlobalSection
	GlobalSection(ExtensibilityGlobals) = postSolution
		SolutionGuid = {14921B1A-8B69-486F-8346-D3AB5377EAD7}
	EndGlobalSection
EndGlobal
